
Microsoft Visual Studio Solution File, Format Version 12.00
# Visual Studio 15
VisualStudioVersion = 15.0.28010.2046
MinimumVisualStudioVersion = 10.0.40219.1
Project("{FAE04EC0-301F-11D3-BF4B-00C04F79EFBC}") = "DocumentScanner_server", "DocumentScanner_server\DocumentScanner_server.csproj", "{52A29B9E-B7AE-449F-86E3-66DB8F256448}"
EndProject
Global
	GlobalSection(SolutionConfigurationPlatforms) = preSolution
		Debug|Any CPU = Debug|Any CPU
		Release|Any CPU = Release|Any CPU
	EndGlobalSection
	GlobalSection(ProjectConfigurationPlatforms) = postSolution
		{52A29B9E-B7AE-449F-86E3-66DB8F256448}.Debug|Any CPU.ActiveCfg = Debug|Any CPU
		{52A29B9E-B7AE-449F-86E3-66DB8F256448}.Debug|Any CPU.Build.0 = Debug|Any CPU
		{52A29B9E-B7AE-449F-86E3-66DB8F256448}.Release|Any CPU.ActiveCfg = Release|Any CPU
		{52A29B9E-B7AE-449F-86E3-66DB8F256448}.Release|Any CPU.Build.0 = Release|Any CPU
	EndGlobalSection
	GlobalSection(SolutionProperties) = preSolution
		HideSolutionNode = FALSE
	EndGlobalSection
	GlobalSection(ExtensibilityGlobals) = postSolution
		SolutionGuid = {50DE796F-0B9D-4492-83F7-0E9852A5A47A}
	EndGlobalSection
EndGlobal
